
Microsoft Visual Studio Solution File, Format Version 12.00
# Visual Studio Version 16
VisualStudioVersion = 16.0.31727.386
MinimumVisualStudioVersion = 10.0.40219.1
Project("{FAE04EC0-301F-11D3-BF4B-00C04F79EFBC}") = "BlogSystem", "BlogSystem\BlogSystem.csproj", "{0D7BB5E5-06FC-4596-880A-F10851606FDE}"
EndProject
Global
	GlobalSection(SolutionConfigurationPlatforms) = preSolution
		Debug|Any CPU = Debug|Any CPU
		Release|Any CPU = Release|Any CPU
	EndGlobalSection
	GlobalSection(ProjectConfigurationPlatforms) = postSolution
		{0D7BB5E5-06FC-4596-880A-F10851606FDE}.Debug|Any CPU.ActiveCfg = Debug|Any CPU
		{0D7BB5E5-06FC-4596-880A-F10851606FDE}.Debug|Any CPU.Build.0 = Debug|Any CPU
		{0D7BB5E5-06FC-4596-880A-F10851606FDE}.Release|Any CPU.ActiveCfg = Release|Any CPU
		{0D7BB5E5-06FC-4596-880A-F10851606FDE}.Release|Any CPU.Build.0 = Release|Any CPU
	EndGlobalSection
	GlobalSection(SolutionProperties) = preSolution
		HideSolutionNode = FALSE
	EndGlobalSection
	GlobalSection(ExtensibilityGlobals) = postSolution
		SolutionGuid = {FA08631B-A490-41EF-969A-ED7590486250}
	EndGlobalSection
EndGlobal
